
Microsoft Visual Studio Solution File, Format Version 12.00
# Visual Studio Version 17
VisualStudioVersion = 17.6.33712.159
MinimumVisualStudioVersion = 10.0.40219.1
Project("{FAE04EC0-301F-11D3-BF4B-00C04F79EFBC}") = "IFermerAnalyticsService", "IFermerAnalyticsService\IFermerAnalyticsService.csproj", "{D54FCFFD-1008-4D0D-BE35-CA09C08A810E}"
EndProject
Project("{E53339B2-1760-4266-BCC7-CA923CBCF16C}") = "docker-compose", "docker-compose.dcproj", "{9F9B15B3-9BB0-4F75-BE8F-5D71FA31AA51}"
EndProject
Global
	GlobalSection(SolutionConfigurationPlatforms) = preSolution
		Debug|Any CPU = Debug|Any CPU
		Release|Any CPU = Release|Any CPU
	EndGlobalSection
	GlobalSection(ProjectConfigurationPlatforms) = postSolution
		{D54FCFFD-1008-4D0D-BE35-CA09C08A810E}.Debug|Any CPU.ActiveCfg = Debug|Any CPU
		{D54FCFFD-1008-4D0D-BE35-CA09C08A810E}.Debug|Any CPU.Build.0 = Debug|Any CPU
		{D54FCFFD-1008-4D0D-BE35-CA09C08A810E}.Release|Any CPU.ActiveCfg = Release|Any CPU
		{D54FCFFD-1008-4D0D-BE35-CA09C08A810E}.Release|Any CPU.Build.0 = Release|Any CPU
		{9F9B15B3-9BB0-4F75-BE8F-5D71FA31AA51}.Debug|Any CPU.ActiveCfg = Debug|Any CPU
		{9F9B15B3-9BB0-4F75-BE8F-5D71FA31AA51}.Debug|Any CPU.Build.0 = Debug|Any CPU
		{9F9B15B3-9BB0-4F75-BE8F-5D71FA31AA51}.Release|Any CPU.ActiveCfg = Release|Any CPU
		{9F9B15B3-9BB0-4F75-BE8F-5D71FA31AA51}.Release|Any CPU.Build.0 = Release|Any CPU
	EndGlobalSection
	GlobalSection(SolutionProperties) = preSolution
		HideSolutionNode = FALSE
	EndGlobalSection
	GlobalSection(ExtensibilityGlobals) = postSolution
		SolutionGuid = {065A29E7-07B2-4CF6-8C2E-0BBEE3A7D67F}
	EndGlobalSection
EndGlobal
