
Microsoft Visual Studio Solution File, Format Version 12.00
# Visual Studio Version 17
VisualStudioVersion = 17.6.33712.159
MinimumVisualStudioVersion = 10.0.40219.1
Project("{9A19103F-16F7-4668-BE54-9A1E7A4F7556}") = "IFermerAnalyticsService", "IFermerAnalyticsService\IFermerAnalyticsService.csproj", "{D54FCFFD-1008-4D0D-BE35-CA09C08A810E}"
EndProject
Global
	GlobalSection(SolutionConfigurationPlatforms) = preSolution
		Debug|Any CPU = Debug|Any CPU
		Release|Any CPU = Release|Any CPU
	EndGlobalSection
	GlobalSection(ProjectConfigurationPlatforms) = postSolution
		{D54FCFFD-1008-4D0D-BE35-CA09C08A810E}.Debug|Any CPU.ActiveCfg = Debug|Any CPU
		{D54FCFFD-1008-4D0D-BE35-CA09C08A810E}.Debug|Any CPU.Build.0 = Debug|Any CPU
		{D54FCFFD-1008-4D0D-BE35-CA09C08A810E}.Release|Any CPU.ActiveCfg = Release|Any CPU
		{D54FCFFD-1008-4D0D-BE35-CA09C08A810E}.Release|Any CPU.Build.0 = Release|Any CPU
	EndGlobalSection
	GlobalSection(SolutionProperties) = preSolution
		HideSolutionNode = FALSE
	EndGlobalSection
	GlobalSection(ExtensibilityGlobals) = postSolution
		SolutionGuid = {065A29E7-07B2-4CF6-8C2E-0BBEE3A7D67F}
	EndGlobalSection
EndGlobal
